
Microsoft Visual Studio Solution File, Format Version 12.00
# Visual Studio Version 16
VisualStudioVersion = 16.0.31424.327
MinimumVisualStudioVersion = 10.0.40219.1
Project("{FAE04EC0-301F-11D3-BF4B-00C04F79EFBC}") = "product", "Project\product.csproj", "{58A0693F-C875-45E7-AD45-355337EA6922}"
EndProject
Project("{FAE04EC0-301F-11D3-BF4B-00C04F79EFBC}") = "category", "category\category.csproj", "{FA163EB6-D6F5-41EB-955B-F3A0A5A7A9AB}"
EndProject
Project("{FAE04EC0-301F-11D3-BF4B-00C04F79EFBC}") = "productlist", "productlist\productlist.csproj", "{DAFEB129-9FC5-49EA-8BAF-37FC7E56D27C}"
EndProject
Global
	GlobalSection(SolutionConfigurationPlatforms) = preSolution
		Debug|Any CPU = Debug|Any CPU
		Release|Any CPU = Release|Any CPU
	EndGlobalSection
	GlobalSection(ProjectConfigurationPlatforms) = postSolution
		{58A0693F-C875-45E7-AD45-355337EA6922}.Debug|Any CPU.ActiveCfg = Debug|Any CPU
		{58A0693F-C875-45E7-AD45-355337EA6922}.Debug|Any CPU.Build.0 = Debug|Any CPU
		{58A0693F-C875-45E7-AD45-355337EA6922}.Release|Any CPU.ActiveCfg = Release|Any CPU
		{58A0693F-C875-45E7-AD45-355337EA6922}.Release|Any CPU.Build.0 = Release|Any CPU
		{FA163EB6-D6F5-41EB-955B-F3A0A5A7A9AB}.Debug|Any CPU.ActiveCfg = Debug|Any CPU
		{FA163EB6-D6F5-41EB-955B-F3A0A5A7A9AB}.Debug|Any CPU.Build.0 = Debug|Any CPU
		{FA163EB6-D6F5-41EB-955B-F3A0A5A7A9AB}.Release|Any CPU.ActiveCfg = Release|Any CPU
		{FA163EB6-D6F5-41EB-955B-F3A0A5A7A9AB}.Release|Any CPU.Build.0 = Release|Any CPU
		{DAFEB129-9FC5-49EA-8BAF-37FC7E56D27C}.Debug|Any CPU.ActiveCfg = Debug|Any CPU
		{DAFEB129-9FC5-49EA-8BAF-37FC7E56D27C}.Debug|Any CPU.Build.0 = Debug|Any CPU
		{DAFEB129-9FC5-49EA-8BAF-37FC7E56D27C}.Release|Any CPU.ActiveCfg = Release|Any CPU
		{DAFEB129-9FC5-49EA-8BAF-37FC7E56D27C}.Release|Any CPU.Build.0 = Release|Any CPU
	EndGlobalSection
	GlobalSection(SolutionProperties) = preSolution
		HideSolutionNode = FALSE
	EndGlobalSection
	GlobalSection(ExtensibilityGlobals) = postSolution
		SolutionGuid = {D58DF17A-8346-4FB9-988D-96AA3D47CCD7}
	EndGlobalSection
EndGlobal
